{
  "lockfile_version": 1,
  "os": "Ubuntu 24.04 LTS",
  "r_version": "R version 4.6.1 (2026-06-24)",
  "platform": "x86_64-pc-linux-gnu",
  "packages": [
    {
      "ref": "DBI",
      "package": "DBI",
      "version": "1.3.0",
      "type": "standard",
      "direct": true,
      "binary": false,
      "dependencies": [],
      "vignettes": false,
      "needscompilation": false,
      "metadata": {
        "RemoteType": "standard",
        "RemotePkgRef": "DBI",
        "RemoteRef": "DBI",
        "RemoteRepos": "https://packagemanager.posit.co/cran/latest",
        "RemotePkgPlatform": "source",
        "RemoteSha": "1.3.0"
      },
      "sources": ["https://packagemanager.posit.co/cran/latest/src/contrib/DBI_1.3.0.tar.gz", "https://packagemanager.posit.co/cran/latest/src/contrib/Archive/DBI/DBI_1.3.0.tar.gz"],
      "target": "src/contrib/DBI_1.3.0.tar.gz",
      "platform": "source",
      "rversion": "*",
      "directpkg": true,
      "license": "LGPL (>= 2.1)",
      "sha256": "13def8e90cbe41205a0dfcf585a6a7ea79ce10d45969789e82613c7ce3d5fb18",
      "filesize": 744704,
      "dep_types": ["Depends", "Imports", "LinkingTo"],
      "params": [],
      "install_args": [],
      "repotype": "cran",
      "sysreqs": ""
    },
    {
      "ref": "bit",
      "package": "bit",
      "version": "4.6.0",
      "type": "standard",
      "direct": false,
      "binary": false,
      "dependencies": [],
      "vignettes": false,
      "needscompilation": true,
      "metadata": {
        "RemoteType": "standard",
        "RemotePkgRef": "bit",
        "RemoteRef": "bit",
        "RemoteRepos": "https://packagemanager.posit.co/cran/latest",
        "RemotePkgPlatform": "source",
        "RemoteSha": "4.6.0"
      },
      "sources": ["https://packagemanager.posit.co/cran/latest/src/contrib/bit_4.6.0.tar.gz", "https://packagemanager.posit.co/cran/latest/src/contrib/Archive/bit/bit_4.6.0.tar.gz"],
      "target": "src/contrib/bit_4.6.0.tar.gz",
      "platform": "source",
      "rversion": "*",
      "directpkg": false,
      "license": "GPL-2 | GPL-3",
      "sha256": "48fe21c5d04c7b724d695eeb60074395c0c631a7fb234e2075de92471445de08",
      "filesize": 304585,
      "dep_types": ["Depends", "Imports", "LinkingTo"],
      "params": [],
      "install_args": [],
      "repotype": "cran",
      "sysreqs": ""
    },
    {
      "ref": "blob",
      "package": "blob",
      "version": "1.3.0",
      "type": "standard",
      "direct": false,
      "binary": false,
      "dependencies": ["rlang", "vctrs"],
      "vignettes": false,
      "needscompilation": false,
      "metadata": {
        "RemoteType": "standard",
        "RemotePkgRef": "blob",
        "RemoteRef": "blob",
        "RemoteRepos": "https://packagemanager.posit.co/cran/latest",
        "RemotePkgPlatform": "source",
        "RemoteSha": "1.3.0"
      },
      "sources": ["https://packagemanager.posit.co/cran/latest/src/contrib/blob_1.3.0.tar.gz", "https://packagemanager.posit.co/cran/latest/src/contrib/Archive/blob/blob_1.3.0.tar.gz"],
      "target": "src/contrib/blob_1.3.0.tar.gz",
      "platform": "source",
      "rversion": "*",
      "directpkg": false,
      "license": "MIT + file LICENSE",
      "sha256": "d4d2aeb8d17683bbfc256a7541e282af9663a752988a21a6ba72a4ab268c7331",
      "filesize": 11157,
      "dep_types": ["Depends", "Imports", "LinkingTo"],
      "params": [],
      "install_args": [],
      "repotype": "cran",
      "sysreqs": ""
    },
    {
      "ref": "cli",
      "package": "cli",
      "version": "3.6.6",
      "type": "standard",
      "direct": false,
      "binary": false,
      "dependencies": [],
      "vignettes": false,
      "needscompilation": true,
      "metadata": {
        "RemoteType": "standard",
        "RemotePkgRef": "cli",
        "RemoteRef": "cli",
        "RemoteRepos": "https://packagemanager.posit.co/cran/latest",
        "RemotePkgPlatform": "source",
        "RemoteSha": "3.6.6"
      },
      "sources": ["https://packagemanager.posit.co/cran/latest/src/contrib/cli_3.6.6.tar.gz", "https://packagemanager.posit.co/cran/latest/src/contrib/Archive/cli/cli_3.6.6.tar.gz"],
      "target": "src/contrib/cli_3.6.6.tar.gz",
      "platform": "source",
      "rversion": "*",
      "directpkg": false,
      "license": "MIT + file LICENSE",
      "sha256": "b2b58d6dd82f5798b335e39c00591686a01fd3e94399ef898e146173e36f18f9",
      "filesize": 644134,
      "dep_types": ["Depends", "Imports", "LinkingTo"],
      "params": [],
      "install_args": [],
      "repotype": "cran",
      "sysreqs": ""
    },
    {
      "ref": "glue",
      "package": "glue",
      "version": "1.8.1",
      "type": "standard",
      "direct": false,
      "binary": false,
      "dependencies": [],
      "vignettes": false,
      "needscompilation": true,
      "metadata": {
        "RemoteType": "standard",
        "RemotePkgRef": "glue",
        "RemoteRef": "glue",
        "RemoteRepos": "https://packagemanager.posit.co/cran/latest",
        "RemotePkgPlatform": "source",
        "RemoteSha": "1.8.1"
      },
      "sources": ["https://packagemanager.posit.co/cran/latest/src/contrib/glue_1.8.1.tar.gz", "https://packagemanager.posit.co/cran/latest/src/contrib/Archive/glue/glue_1.8.1.tar.gz"],
      "target": "src/contrib/glue_1.8.1.tar.gz",
      "platform": "source",
      "rversion": "*",
      "directpkg": false,
      "license": "MIT + file LICENSE",
      "sha256": "1c55905d3efc3d5c199ceb0bd12218e97f0d4c64df6038ff41ecef415478a122",
      "filesize": 129786,
      "dep_types": ["Depends", "Imports", "LinkingTo"],
      "params": [],
      "install_args": [],
      "repotype": "cran",
      "sysreqs": ""
    },
    {
      "ref": "hms",
      "package": "hms",
      "version": "1.1.4",
      "type": "standard",
      "direct": false,
      "binary": false,
      "dependencies": ["cli", "lifecycle", "pkgconfig", "rlang", "vctrs"],
      "vignettes": false,
      "needscompilation": false,
      "metadata": {
        "RemoteType": "standard",
        "RemotePkgRef": "hms",
        "RemoteRef": "hms",
        "RemoteRepos": "https://packagemanager.posit.co/cran/latest",
        "RemotePkgPlatform": "source",
        "RemoteSha": "1.1.4"
      },
      "sources": ["https://packagemanager.posit.co/cran/latest/src/contrib/hms_1.1.4.tar.gz", "https://packagemanager.posit.co/cran/latest/src/contrib/Archive/hms/hms_1.1.4.tar.gz"],
      "target": "src/contrib/hms_1.1.4.tar.gz",
      "platform": "source",
      "rversion": "*",
      "directpkg": false,
      "license": "MIT + file LICENSE",
      "sha256": "efc525f797b62b3740d06c6fa8202593ab5aa4fc1edeefb76b6eb9be89e87b94",
      "filesize": 44793,
      "dep_types": ["Depends", "Imports", "LinkingTo"],
      "params": [],
      "install_args": [],
      "repotype": "cran",
      "sysreqs": ""
    },
    {
      "ref": "lifecycle",
      "package": "lifecycle",
      "version": "1.0.5",
      "type": "standard",
      "direct": false,
      "binary": false,
      "dependencies": ["cli", "rlang"],
      "vignettes": false,
      "needscompilation": false,
      "metadata": {
        "RemoteType": "standard",
        "RemotePkgRef": "lifecycle",
        "RemoteRef": "lifecycle",
        "RemoteRepos": "https://packagemanager.posit.co/cran/latest",
        "RemotePkgPlatform": "source",
        "RemoteSha": "1.0.5"
      },
      "sources": ["https://packagemanager.posit.co/cran/latest/src/contrib/lifecycle_1.0.5.tar.gz", "https://packagemanager.posit.co/cran/latest/src/contrib/Archive/lifecycle/lifecycle_1.0.5.tar.gz"],
      "target": "src/contrib/lifecycle_1.0.5.tar.gz",
      "platform": "source",
      "rversion": "*",
      "directpkg": false,
      "license": "MIT + file LICENSE",
      "sha256": "61841e3e6edba056a88355a3f1d6698ab8d5d9cb3c05f2af0ec5a44ab516f8ee",
      "filesize": 107137,
      "dep_types": ["Depends", "Imports", "LinkingTo"],
      "params": [],
      "install_args": [],
      "repotype": "cran",
      "sysreqs": ""
    },
    {
      "ref": "odbc",
      "package": "odbc",
      "version": "1.7.0",
      "type": "standard",
      "direct": true,
      "binary": false,
      "dependencies": ["bit64", "blob", "cli", "DBI", "hms", "lifecycle", "Rcpp", "rlang", "vctrs"],
      "vignettes": false,
      "needscompilation": true,
      "metadata": {
        "RemoteType": "standard",
        "RemotePkgRef": "odbc",
        "RemoteRef": "odbc",
        "RemoteRepos": "https://packagemanager.posit.co/cran/latest",
        "RemotePkgPlatform": "source",
        "RemoteSha": "1.7.0"
      },
      "sources": ["https://packagemanager.posit.co/cran/latest/src/contrib/odbc_1.7.0.tar.gz", "https://packagemanager.posit.co/cran/latest/src/contrib/Archive/odbc/odbc_1.7.0.tar.gz"],
      "target": "src/contrib/odbc_1.7.0.tar.gz",
      "platform": "source",
      "rversion": "*",
      "directpkg": true,
      "license": "MIT + file LICENSE",
      "sha256": "7eb4dc2056d85015af64c4bb4bf45c84cb29702f9b9860d631c622dd5e6f7d9e",
      "filesize": 367765,
      "dep_types": ["Depends", "Imports", "LinkingTo"],
      "params": [],
      "install_args": [],
      "repotype": "cran",
      "sysreqs": "GNU make, An ODBC3 driver manager and drivers."
    },
    {
      "ref": "pkgconfig",
      "package": "pkgconfig",
      "version": "2.0.3",
      "type": "standard",
      "direct": false,
      "binary": false,
      "dependencies": [],
      "vignettes": false,
      "needscompilation": false,
      "metadata": {
        "RemoteType": "standard",
        "RemotePkgRef": "pkgconfig",
        "RemoteRef": "pkgconfig",
        "RemoteRepos": "https://packagemanager.posit.co/cran/latest",
        "RemotePkgPlatform": "source",
        "RemoteSha": "2.0.3"
      },
      "sources": ["https://packagemanager.posit.co/cran/latest/src/contrib/pkgconfig_2.0.3.tar.gz", "https://packagemanager.posit.co/cran/latest/src/contrib/Archive/pkgconfig/pkgconfig_2.0.3.tar.gz"],
      "target": "src/contrib/pkgconfig_2.0.3.tar.gz",
      "platform": "source",
      "rversion": "*",
      "directpkg": false,
      "license": "MIT + file LICENSE",
      "sha256": "330fef440ffeb842a7dcfffc8303743f1feae83e8d6131078b5a44ff11bc3850",
      "filesize": 6080,
      "dep_types": ["Depends", "Imports", "LinkingTo"],
      "params": [],
      "install_args": [],
      "repotype": "cran",
      "sysreqs": ""
    },
    {
      "ref": "Rcpp",
      "package": "Rcpp",
      "version": "1.1.2",
      "type": "standard",
      "direct": false,
      "binary": false,
      "dependencies": [],
      "vignettes": false,
      "needscompilation": true,
      "metadata": {
        "RemoteType": "standard",
        "RemotePkgRef": "Rcpp",
        "RemoteRef": "Rcpp",
        "RemoteRepos": "https://packagemanager.posit.co/cran/latest",
        "RemotePkgPlatform": "source",
        "RemoteSha": "1.1.2"
      },
      "sources": ["https://packagemanager.posit.co/cran/latest/src/contrib/Rcpp_1.1.2.tar.gz", "https://packagemanager.posit.co/cran/latest/src/contrib/Archive/Rcpp/Rcpp_1.1.2.tar.gz"],
      "target": "src/contrib/Rcpp_1.1.2.tar.gz",
      "platform": "source",
      "rversion": "*",
      "directpkg": false,
      "license": "GPL (>= 2)",
      "sha256": "2746cf2fb188e5f0a84dbf5c8f68915b54564ed33e5754572f174e7b32e7f4f3",
      "filesize": 1892159,
      "dep_types": ["Depends", "Imports", "LinkingTo"],
      "params": [],
      "install_args": [],
      "repotype": "cran",
      "sysreqs": ""
    },
    {
      "ref": "rlang",
      "package": "rlang",
      "version": "1.3.0",
      "type": "standard",
      "direct": false,
      "binary": false,
      "dependencies": [],
      "vignettes": false,
      "needscompilation": true,
      "metadata": {
        "RemoteType": "standard",
        "RemotePkgRef": "rlang",
        "RemoteRef": "rlang",
        "RemoteRepos": "https://packagemanager.posit.co/cran/latest",
        "RemotePkgPlatform": "source",
        "RemoteSha": "1.3.0"
      },
      "sources": ["https://packagemanager.posit.co/cran/latest/src/contrib/rlang_1.3.0.tar.gz", "https://packagemanager.posit.co/cran/latest/src/contrib/Archive/rlang/rlang_1.3.0.tar.gz"],
      "target": "src/contrib/rlang_1.3.0.tar.gz",
      "platform": "source",
      "rversion": "*",
      "directpkg": false,
      "license": "MIT + file LICENSE",
      "sha256": "80aa537d49e72265f443a15e8936128af583caa5e572086518b503cbf064279c",
      "filesize": 784080,
      "dep_types": ["Depends", "Imports", "LinkingTo"],
      "params": [],
      "install_args": [],
      "repotype": "cran",
      "sysreqs": ""
    },
    {
      "ref": "vctrs",
      "package": "vctrs",
      "version": "0.7.3",
      "type": "standard",
      "direct": false,
      "binary": false,
      "dependencies": ["cli", "glue", "lifecycle", "rlang"],
      "vignettes": false,
      "needscompilation": true,
      "metadata": {
        "RemoteType": "standard",
        "RemotePkgRef": "vctrs",
        "RemoteRef": "vctrs",
        "RemoteRepos": "https://packagemanager.posit.co/cran/latest",
        "RemotePkgPlatform": "source",
        "RemoteSha": "0.7.3"
      },
      "sources": ["https://packagemanager.posit.co/cran/latest/src/contrib/vctrs_0.7.3.tar.gz", "https://packagemanager.posit.co/cran/latest/src/contrib/Archive/vctrs/vctrs_0.7.3.tar.gz"],
      "target": "src/contrib/vctrs_0.7.3.tar.gz",
      "platform": "source",
      "rversion": "*",
      "directpkg": false,
      "license": "MIT + file LICENSE",
      "sha256": "b45078413e06ac624dddb7221a3a43908b405c8abec09822cb86638d30b0435b",
      "filesize": 1083213,
      "dep_types": ["Depends", "Imports", "LinkingTo"],
      "params": [],
      "install_args": [],
      "repotype": "cran",
      "sysreqs": ""
    },
    {
      "ref": "dplyr",
      "package": "dplyr",
      "version": "1.2.1",
      "type": "standard",
      "direct": true,
      "binary": false,
      "dependencies": ["cli", "generics", "glue", "lifecycle", "magrittr", "pillar", "R6", "rlang", "tibble", "tidyselect", "vctrs"],
      "vignettes": false,
      "needscompilation": true,
      "metadata": {
        "RemoteType": "standard",
        "RemotePkgRef": "dplyr",
        "RemoteRef": "dplyr",
        "RemoteRepos": "https://packagemanager.posit.co/cran/latest",
        "RemotePkgPlatform": "source",
        "RemoteSha": "1.2.1"
      },
      "sources": ["https://packagemanager.posit.co/cran/latest/src/contrib/dplyr_1.2.1.tar.gz", "https://packagemanager.posit.co/cran/latest/src/contrib/Archive/dplyr/dplyr_1.2.1.tar.gz"],
      "target": "src/contrib/dplyr_1.2.1.tar.gz",
      "platform": "source",
      "rversion": "*",
      "directpkg": true,
      "license": "MIT + file LICENSE",
      "sha256": "18d66fe2f24cda8b619c177326d39dd015229ab99695fa67d3fa31e4569390e0",
      "filesize": 923509,
      "dep_types": ["Depends", "Imports", "LinkingTo"],
      "params": [],
      "install_args": [],
      "repotype": "cran",
      "sysreqs": ""
    },
    {
      "ref": "generics",
      "package": "generics",
      "version": "0.1.4",
      "type": "standard",
      "direct": false,
      "binary": false,
      "dependencies": [],
      "vignettes": false,
      "needscompilation": false,
      "metadata": {
        "RemoteType": "standard",
        "RemotePkgRef": "generics",
        "RemoteRef": "generics",
        "RemoteRepos": "https://packagemanager.posit.co/cran/latest",
        "RemotePkgPlatform": "source",
        "RemoteSha": "0.1.4"
      },
      "sources": ["https://packagemanager.posit.co/cran/latest/src/contrib/generics_0.1.4.tar.gz", "https://packagemanager.posit.co/cran/latest/src/contrib/Archive/generics/generics_0.1.4.tar.gz"],
      "target": "src/contrib/generics_0.1.4.tar.gz",
      "platform": "source",
      "rversion": "*",
      "directpkg": false,
      "license": "MIT + file LICENSE",
      "sha256": "bbe95a097792d38fc3b7e677738af1b95b66ea5e5017e33b8beac6a6088d0801",
      "filesize": 47224,
      "dep_types": ["Depends", "Imports", "LinkingTo"],
      "params": [],
      "install_args": [],
      "repotype": "cran",
      "sysreqs": ""
    },
    {
      "ref": "magrittr",
      "package": "magrittr",
      "version": "2.0.5",
      "type": "standard",
      "direct": false,
      "binary": false,
      "dependencies": [],
      "vignettes": false,
      "needscompilation": true,
      "metadata": {
        "RemoteType": "standard",
        "RemotePkgRef": "magrittr",
        "RemoteRef": "magrittr",
        "RemoteRepos": "https://packagemanager.posit.co/cran/latest",
        "RemotePkgPlatform": "source",
        "RemoteSha": "2.0.5"
      },
      "sources": ["https://packagemanager.posit.co/cran/latest/src/contrib/magrittr_2.0.5.tar.gz", "https://packagemanager.posit.co/cran/latest/src/contrib/Archive/magrittr/magrittr_2.0.5.tar.gz"],
      "target": "src/contrib/magrittr_2.0.5.tar.gz",
      "platform": "source",
      "rversion": "*",
      "directpkg": false,
      "license": "MIT + file LICENSE",
      "sha256": "3f5b5b1d4e6d12807a95c50b6c88cb1d8af2c5eb5213f08bfe58f278eca2ed23",
      "filesize": 281813,
      "dep_types": ["Depends", "Imports", "LinkingTo"],
      "params": [],
      "install_args": [],
      "repotype": "cran",
      "sysreqs": ""
    },
    {
      "ref": "pillar",
      "package": "pillar",
      "version": "1.11.1",
      "type": "standard",
      "direct": false,
      "binary": false,
      "dependencies": ["cli", "glue", "lifecycle", "rlang", "utf8", "vctrs"],
      "vignettes": false,
      "needscompilation": false,
      "metadata": {
        "RemoteType": "standard",
        "RemotePkgRef": "pillar",
        "RemoteRef": "pillar",
        "RemoteRepos": "https://packagemanager.posit.co/cran/latest",
        "RemotePkgPlatform": "source",
        "RemoteSha": "1.11.1"
      },
      "sources": ["https://packagemanager.posit.co/cran/latest/src/contrib/pillar_1.11.1.tar.gz", "https://packagemanager.posit.co/cran/latest/src/contrib/Archive/pillar/pillar_1.11.1.tar.gz"],
      "target": "src/contrib/pillar_1.11.1.tar.gz",
      "platform": "source",
      "rversion": "*",
      "directpkg": false,
      "license": "MIT + file LICENSE",
      "sha256": "056ce154238c9b5b8d5dcbcb52e1bc51d33870ce08c8a9ca9496478bd59f4653",
      "filesize": 409508,
      "dep_types": ["Depends", "Imports", "LinkingTo"],
      "params": [],
      "install_args": [],
      "repotype": "cran",
      "sysreqs": ""
    },
    {
      "ref": "R6",
      "package": "R6",
      "version": "2.6.1",
      "type": "standard",
      "direct": false,
      "binary": false,
      "dependencies": [],
      "vignettes": false,
      "needscompilation": false,
      "metadata": {
        "RemoteType": "standard",
        "RemotePkgRef": "R6",
        "RemoteRef": "R6",
        "RemoteRepos": "https://packagemanager.posit.co/cran/latest",
        "RemotePkgPlatform": "source",
        "RemoteSha": "2.6.1"
      },
      "sources": ["https://packagemanager.posit.co/cran/latest/src/contrib/R6_2.6.1.tar.gz", "https://packagemanager.posit.co/cran/latest/src/contrib/Archive/R6/R6_2.6.1.tar.gz"],
      "target": "src/contrib/R6_2.6.1.tar.gz",
      "platform": "source",
      "rversion": "*",
      "directpkg": false,
      "license": "MIT + file LICENSE",
      "sha256": "59c6eba8b1b912eb7e104f65053235604be853425ee67c152ac4e86a1f2073b4",
      "filesize": 64507,
      "dep_types": ["Depends", "Imports", "LinkingTo"],
      "params": [],
      "install_args": [],
      "repotype": "cran",
      "sysreqs": ""
    },
    {
      "ref": "tibble",
      "package": "tibble",
      "version": "3.3.1",
      "type": "standard",
      "direct": false,
      "binary": false,
      "dependencies": ["cli", "lifecycle", "magrittr", "pillar", "pkgconfig", "rlang", "vctrs"],
      "vignettes": false,
      "needscompilation": true,
      "metadata": {
        "RemoteType": "standard",
        "RemotePkgRef": "tibble",
        "RemoteRef": "tibble",
        "RemoteRepos": "https://packagemanager.posit.co/cran/latest",
        "RemotePkgPlatform": "source",
        "RemoteSha": "3.3.1"
      },
      "sources": ["https://packagemanager.posit.co/cran/latest/src/contrib/tibble_3.3.1.tar.gz", "https://packagemanager.posit.co/cran/latest/src/contrib/Archive/tibble/tibble_3.3.1.tar.gz"],
      "target": "src/contrib/tibble_3.3.1.tar.gz",
      "platform": "source",
      "rversion": "*",
      "directpkg": false,
      "license": "MIT + file LICENSE",
      "sha256": "fb309f8a1939021b237c7e85ff7ad6e8ff5acd57a6230d220a452094b492b28f",
      "filesize": 557135,
      "dep_types": ["Depends", "Imports", "LinkingTo"],
      "params": [],
      "install_args": [],
      "repotype": "cran",
      "sysreqs": ""
    },
    {
      "ref": "tidyselect",
      "package": "tidyselect",
      "version": "1.2.1",
      "type": "standard",
      "direct": false,
      "binary": false,
      "dependencies": ["cli", "glue", "lifecycle", "rlang", "vctrs", "withr"],
      "vignettes": false,
      "needscompilation": true,
      "metadata": {
        "RemoteType": "standard",
        "RemotePkgRef": "tidyselect",
        "RemoteRef": "tidyselect",
        "RemoteRepos": "https://packagemanager.posit.co/cran/latest",
        "RemotePkgPlatform": "source",
        "RemoteSha": "1.2.1"
      },
      "sources": ["https://packagemanager.posit.co/cran/latest/src/contrib/tidyselect_1.2.1.tar.gz", "https://packagemanager.posit.co/cran/latest/src/contrib/Archive/tidyselect/tidyselect_1.2.1.tar.gz"],
      "target": "src/contrib/tidyselect_1.2.1.tar.gz",
      "platform": "source",
      "rversion": "*",
      "directpkg": false,
      "license": "MIT + file LICENSE",
      "sha256": "169e97ba0bbfbcdf4a80534322751f87a04370310c40e27f04aac6525d45903c",
      "filesize": 103591,
      "dep_types": ["Depends", "Imports", "LinkingTo"],
      "params": [],
      "install_args": [],
      "repotype": "cran",
      "sysreqs": ""
    },
    {
      "ref": "utf8",
      "package": "utf8",
      "version": "1.2.6",
      "type": "standard",
      "direct": false,
      "binary": false,
      "dependencies": [],
      "vignettes": false,
      "needscompilation": true,
      "metadata": {
        "RemoteType": "standard",
        "RemotePkgRef": "utf8",
        "RemoteRef": "utf8",
        "RemoteRepos": "https://packagemanager.posit.co/cran/latest",
        "RemotePkgPlatform": "source",
        "RemoteSha": "1.2.6"
      },
      "sources": ["https://packagemanager.posit.co/cran/latest/src/contrib/utf8_1.2.6.tar.gz", "https://packagemanager.posit.co/cran/latest/src/contrib/Archive/utf8/utf8_1.2.6.tar.gz"],
      "target": "src/contrib/utf8_1.2.6.tar.gz",
      "platform": "source",
      "rversion": "*",
      "directpkg": false,
      "license": "Apache License (== 2.0) | file LICENSE",
      "sha256": "4589f8b72291329e70b7f3a8c20f2feb4e7764eebad2e6976bc9a3eee7686ce9",
      "filesize": 243856,
      "dep_types": ["Depends", "Imports", "LinkingTo"],
      "params": [],
      "install_args": [],
      "repotype": "cran",
      "sysreqs": ""
    },
    {
      "ref": "withr",
      "package": "withr",
      "version": "3.0.3",
      "type": "standard",
      "direct": false,
      "binary": false,
      "dependencies": [],
      "vignettes": false,
      "needscompilation": false,
      "metadata": {
        "RemoteType": "standard",
        "RemotePkgRef": "withr",
        "RemoteRef": "withr",
        "RemoteRepos": "https://packagemanager.posit.co/cran/latest",
        "RemotePkgPlatform": "source",
        "RemoteSha": "3.0.3"
      },
      "sources": ["https://packagemanager.posit.co/cran/latest/src/contrib/withr_3.0.3.tar.gz", "https://packagemanager.posit.co/cran/latest/src/contrib/Archive/withr/withr_3.0.3.tar.gz"],
      "target": "src/contrib/withr_3.0.3.tar.gz",
      "platform": "source",
      "rversion": "*",
      "directpkg": false,
      "license": "MIT + file LICENSE",
      "sha256": "d86c6454164fc85678bfc85e2a6cce42f7461d45fa9a87de71f376e7956c991e",
      "filesize": 103968,
      "dep_types": ["Depends", "Imports", "LinkingTo"],
      "params": [],
      "install_args": [],
      "repotype": "cran",
      "sysreqs": ""
    },
    {
      "ref": "cpp11",
      "package": "cpp11",
      "version": "0.5.5",
      "type": "standard",
      "direct": false,
      "binary": false,
      "dependencies": [],
      "vignettes": false,
      "needscompilation": false,
      "metadata": {
        "RemoteType": "standard",
        "RemotePkgRef": "cpp11",
        "RemoteRef": "cpp11",
        "RemoteRepos": "https://packagemanager.posit.co/cran/latest",
        "RemotePkgPlatform": "source",
        "RemoteSha": "0.5.5"
      },
      "sources": ["https://packagemanager.posit.co/cran/latest/src/contrib/cpp11_0.5.5.tar.gz", "https://packagemanager.posit.co/cran/latest/src/contrib/Archive/cpp11/cpp11_0.5.5.tar.gz"],
      "target": "src/contrib/cpp11_0.5.5.tar.gz",
      "platform": "source",
      "rversion": "*",
      "directpkg": false,
      "license": "MIT + file LICENSE",
      "sha256": "72486beb0605c1229bf3d422cd536224af8dc09bd389a3116f62f4c7705c62f4",
      "filesize": 304823,
      "dep_types": ["Depends", "Imports", "LinkingTo"],
      "params": [],
      "install_args": [],
      "repotype": "cran",
      "sysreqs": ""
    },
    {
      "ref": "dbplyr",
      "package": "dbplyr",
      "version": "2.6.0",
      "type": "standard",
      "direct": true,
      "binary": false,
      "dependencies": ["blob", "cli", "DBI", "dplyr", "glue", "lifecycle", "magrittr", "pillar", "purrr", "R6", "rlang", "tibble", "tidyr", "tidyselect", "vctrs", "withr"],
      "vignettes": false,
      "needscompilation": false,
      "metadata": {
        "RemoteType": "standard",
        "RemotePkgRef": "dbplyr",
        "RemoteRef": "dbplyr",
        "RemoteRepos": "https://packagemanager.posit.co/cran/latest",
        "RemotePkgPlatform": "source",
        "RemoteSha": "2.6.0"
      },
      "sources": ["https://packagemanager.posit.co/cran/latest/src/contrib/dbplyr_2.6.0.tar.gz", "https://packagemanager.posit.co/cran/latest/src/contrib/Archive/dbplyr/dbplyr_2.6.0.tar.gz"],
      "target": "src/contrib/dbplyr_2.6.0.tar.gz",
      "platform": "source",
      "rversion": "*",
      "directpkg": true,
      "license": "MIT + file LICENSE",
      "sha256": "3672daf73f7f0238a2c547dce5d4fb31e50235bca796c710d6f7caf49c212bd8",
      "filesize": 611997,
      "dep_types": ["Depends", "Imports", "LinkingTo"],
      "params": [],
      "install_args": [],
      "repotype": "cran",
      "sysreqs": ""
    },
    {
      "ref": "purrr",
      "package": "purrr",
      "version": "1.2.2",
      "type": "standard",
      "direct": false,
      "binary": false,
      "dependencies": ["cli", "lifecycle", "magrittr", "rlang", "vctrs"],
      "vignettes": false,
      "needscompilation": true,
      "metadata": {
        "RemoteType": "standard",
        "RemotePkgRef": "purrr",
        "RemoteRef": "purrr",
        "RemoteRepos": "https://packagemanager.posit.co/cran/latest",
        "RemotePkgPlatform": "source",
        "RemoteSha": "1.2.2"
      },
      "sources": ["https://packagemanager.posit.co/cran/latest/src/contrib/purrr_1.2.2.tar.gz", "https://packagemanager.posit.co/cran/latest/src/contrib/Archive/purrr/purrr_1.2.2.tar.gz"],
      "target": "src/contrib/purrr_1.2.2.tar.gz",
      "platform": "source",
      "rversion": "*",
      "directpkg": false,
      "license": "MIT + file LICENSE",
      "sha256": "ac3bc0fc0e789510042522e6c4294336c71447be8f6921b5ef78b9a9fb86617d",
      "filesize": 278508,
      "dep_types": ["Depends", "Imports", "LinkingTo"],
      "params": [],
      "install_args": [],
      "repotype": "cran",
      "sysreqs": ""
    },
    {
      "ref": "stringi",
      "package": "stringi",
      "version": "1.8.9",
      "type": "standard",
      "direct": false,
      "binary": false,
      "dependencies": [],
      "vignettes": false,
      "needscompilation": true,
      "metadata": {
        "RemoteType": "standard",
        "RemotePkgRef": "stringi",
        "RemoteRef": "stringi",
        "RemoteRepos": "https://packagemanager.posit.co/cran/latest",
        "RemotePkgPlatform": "source",
        "RemoteSha": "1.8.9"
      },
      "sources": ["https://packagemanager.posit.co/cran/latest/src/contrib/stringi_1.8.9.tar.gz", "https://packagemanager.posit.co/cran/latest/src/contrib/Archive/stringi/stringi_1.8.9.tar.gz"],
      "target": "src/contrib/stringi_1.8.9.tar.gz",
      "platform": "source",
      "rversion": "*",
      "directpkg": false,
      "license": "file LICENSE",
      "sha256": "427fcebd281d7ea850becce75e0807576dd394a723a814b2d487419b93275a33",
      "filesize": 11907881,
      "dep_types": ["Depends", "Imports", "LinkingTo"],
      "params": [],
      "install_args": [],
      "repotype": "cran",
      "sysreqs": "ICU4C (>= 61, optional)"
    },
    {
      "ref": "stringr",
      "package": "stringr",
      "version": "1.6.0",
      "type": "standard",
      "direct": false,
      "binary": false,
      "dependencies": ["cli", "glue", "lifecycle", "magrittr", "rlang", "stringi", "vctrs"],
      "vignettes": false,
      "needscompilation": false,
      "metadata": {
        "RemoteType": "standard",
        "RemotePkgRef": "stringr",
        "RemoteRef": "stringr",
        "RemoteRepos": "https://packagemanager.posit.co/cran/latest",
        "RemotePkgPlatform": "source",
        "RemoteSha": "1.6.0"
      },
      "sources": ["https://packagemanager.posit.co/cran/latest/src/contrib/stringr_1.6.0.tar.gz", "https://packagemanager.posit.co/cran/latest/src/contrib/Archive/stringr/stringr_1.6.0.tar.gz"],
      "target": "src/contrib/stringr_1.6.0.tar.gz",
      "platform": "source",
      "rversion": "*",
      "directpkg": false,
      "license": "MIT + file LICENSE",
      "sha256": "24f2fc5df980a7eb888659e22b9744d2316c558624015c7a7cd8c3ce3e370064",
      "filesize": 195833,
      "dep_types": ["Depends", "Imports", "LinkingTo"],
      "params": [],
      "install_args": [],
      "repotype": "cran",
      "sysreqs": ""
    },
    {
      "ref": "tidyr",
      "package": "tidyr",
      "version": "1.3.2",
      "type": "standard",
      "direct": false,
      "binary": false,
      "dependencies": ["cli", "cpp11", "dplyr", "glue", "lifecycle", "magrittr", "purrr", "rlang", "stringr", "tibble", "tidyselect", "vctrs"],
      "vignettes": false,
      "needscompilation": true,
      "metadata": {
        "RemoteType": "standard",
        "RemotePkgRef": "tidyr",
        "RemoteRef": "tidyr",
        "RemoteRepos": "https://packagemanager.posit.co/cran/latest",
        "RemotePkgPlatform": "source",
        "RemoteSha": "1.3.2"
      },
      "sources": ["https://packagemanager.posit.co/cran/latest/src/contrib/tidyr_1.3.2.tar.gz", "https://packagemanager.posit.co/cran/latest/src/contrib/Archive/tidyr/tidyr_1.3.2.tar.gz"],
      "target": "src/contrib/tidyr_1.3.2.tar.gz",
      "platform": "source",
      "rversion": "*",
      "directpkg": false,
      "license": "MIT + file LICENSE",
      "sha256": "04c0e6daf0af682af73763a42c027d7171761cdbdbf9ff7a77a0e421343d665a",
      "filesize": 809031,
      "dep_types": ["Depends", "Imports", "LinkingTo"],
      "params": [],
      "install_args": [],
      "repotype": "cran",
      "sysreqs": ""
    },
    {
      "ref": "nanoparquet",
      "package": "nanoparquet",
      "version": "0.5.1",
      "type": "standard",
      "direct": true,
      "binary": false,
      "dependencies": [],
      "vignettes": false,
      "needscompilation": true,
      "metadata": {
        "RemoteType": "standard",
        "RemotePkgRef": "nanoparquet",
        "RemoteRef": "nanoparquet",
        "RemoteRepos": "https://packagemanager.posit.co/cran/latest",
        "RemotePkgPlatform": "source",
        "RemoteSha": "0.5.1"
      },
      "sources": ["https://packagemanager.posit.co/cran/latest/src/contrib/nanoparquet_0.5.1.tar.gz", "https://packagemanager.posit.co/cran/latest/src/contrib/Archive/nanoparquet/nanoparquet_0.5.1.tar.gz"],
      "target": "src/contrib/nanoparquet_0.5.1.tar.gz",
      "platform": "source",
      "rversion": "*",
      "directpkg": true,
      "license": "MIT + file LICENSE",
      "sha256": "4189514992ee1b61a23a2d116f3c44ccfb0caf85b98e84e2452658c752689571",
      "filesize": 1191803,
      "dep_types": ["Depends", "Imports", "LinkingTo"],
      "params": [],
      "install_args": [],
      "repotype": "cran",
      "sysreqs": ""
    },
    {
      "ref": "bit64",
      "package": "bit64",
      "version": "4.8.6",
      "type": "standard",
      "direct": true,
      "binary": false,
      "dependencies": ["bit"],
      "vignettes": false,
      "needscompilation": true,
      "metadata": {
        "RemoteType": "standard",
        "RemotePkgRef": "bit64",
        "RemoteRef": "bit64",
        "RemoteRepos": "https://packagemanager.posit.co/cran/latest",
        "RemotePkgPlatform": "source",
        "RemoteSha": "4.8.6"
      },
      "sources": ["https://packagemanager.posit.co/cran/latest/src/contrib/bit64_4.8.6.tar.gz", "https://packagemanager.posit.co/cran/latest/src/contrib/Archive/bit64/bit64_4.8.6.tar.gz"],
      "target": "src/contrib/bit64_4.8.6.tar.gz",
      "platform": "source",
      "rversion": "*",
      "directpkg": true,
      "license": "GPL-2 | GPL-3",
      "sha256": "a5fcec17ba772a561a7375ca8fd966bdd5f20dd4e89b4dae07d7da933d554b45",
      "filesize": 179374,
      "dep_types": ["Depends", "Imports", "LinkingTo"],
      "params": [],
      "install_args": [],
      "repotype": "cran",
      "sysreqs": ""
    },
    {
      "ref": "pak",
      "package": "pak",
      "version": "0.11.1",
      "type": "standard",
      "direct": true,
      "binary": false,
      "dependencies": [],
      "vignettes": false,
      "needscompilation": true,
      "metadata": {
        "RemoteType": "standard",
        "RemotePkgRef": "pak",
        "RemoteRef": "pak",
        "RemoteRepos": "https://packagemanager.posit.co/cran/latest",
        "RemotePkgPlatform": "source",
        "RemoteSha": "0.11.1"
      },
      "sources": ["https://packagemanager.posit.co/cran/latest/src/contrib/pak_0.11.1.tar.gz", "https://packagemanager.posit.co/cran/latest/src/contrib/Archive/pak/pak_0.11.1.tar.gz"],
      "target": "src/contrib/pak_0.11.1.tar.gz",
      "platform": "source",
      "rversion": "*",
      "directpkg": true,
      "license": "GPL-3",
      "sha256": "762ec8acc2d2ccbe5a217859c846c2de83254e3948112b437dde7a0ad5b15999",
      "filesize": 3945085,
      "dep_types": ["Depends", "Imports", "LinkingTo"],
      "params": [],
      "install_args": [],
      "repotype": "cran",
      "sysreqs": ""
    },
    {
      "ref": "renv",
      "package": "renv",
      "version": "1.2.4",
      "type": "standard",
      "direct": true,
      "binary": false,
      "dependencies": [],
      "vignettes": false,
      "needscompilation": false,
      "metadata": {
        "RemoteType": "standard",
        "RemotePkgRef": "renv",
        "RemoteRef": "renv",
        "RemoteRepos": "https://packagemanager.posit.co/cran/latest",
        "RemotePkgPlatform": "source",
        "RemoteSha": "1.2.4"
      },
      "sources": ["https://packagemanager.posit.co/cran/latest/src/contrib/renv_1.2.4.tar.gz", "https://packagemanager.posit.co/cran/latest/src/contrib/Archive/renv/renv_1.2.4.tar.gz"],
      "target": "src/contrib/renv_1.2.4.tar.gz",
      "platform": "source",
      "rversion": "*",
      "directpkg": true,
      "license": "MIT + file LICENSE",
      "sha256": "e63c637dc785d55848d9dbc6c9599378103803efd47c1f3f1f82057c00575e8c",
      "filesize": 1438389,
      "dep_types": ["Depends", "Imports", "LinkingTo"],
      "params": [],
      "install_args": [],
      "repotype": "cran",
      "sysreqs": ""
    },
    {
      "ref": "needenv@0.1.0",
      "package": "needenv",
      "version": "0.1.0",
      "type": "standard",
      "direct": true,
      "binary": false,
      "dependencies": [],
      "vignettes": false,
      "needscompilation": false,
      "metadata": {
        "RemotePkgRef": "needenv@0.1.0",
        "RemoteType": "standard",
        "RemoteEtag": "\"b63234fae1c44aa2a693e4703542a7a7\"",
        "RemotePackaged": "TRUE",
        "RemoteRef": "needenv",
        "RemoteRepos": "https://packagemanager.posit.co/cran/latest",
        "RemotePkgPlatform": "source",
        "RemoteSha": "0.1.0"
      },
      "sources": ["https://packagemanager.posit.co/cran/latest/src/contrib/needenv_0.1.0.tar.gz", "https://packagemanager.posit.co/cran/latest/src/contrib/Archive/needenv/needenv_0.1.0.tar.gz"],
      "target": "src/contrib/needenv_0.1.0-18cf502e6b.tar.gz",
      "platform": "source",
      "rversion": "*",
      "directpkg": true,
      "license": "MIT + file LICENSE",
      "sha256": "809d055fb58a9d7a78fef69eb40dd72b8970399cbaeba54ffbad9420d8efb3ec",
      "filesize": 7185,
      "dep_types": ["Depends", "Imports", "LinkingTo"],
      "params": [],
      "install_args": [],
      "repotype": "cran",
      "sysreqs": ""
    }
  ]
}
